
Microsoft Visual Studio Solution File, Format Version 12.00
# Visual Studio Version 16
VisualStudioVersion = 16.0.31205.134
MinimumVisualStudioVersion = 10.0.40219.1
Project("{888888A0-9F3D-457C-B088-3A5042F75D52}") = "Dota2_Assistant", "Dota2_Assistant.pyproj", "{285C181D-EA47-41B8-8162-B618915D814A}"
EndProject
Global
	GlobalSection(SolutionConfigurationPlatforms) = preSolution
		Debug|Any CPU = Debug|Any CPU
		Release|Any CPU = Release|Any CPU
	EndGlobalSection
	GlobalSection(ProjectConfigurationPlatforms) = postSolution
		{285C181D-EA47-41B8-8162-B618915D814A}.Debug|Any CPU.ActiveCfg = Debug|Any CPU
		{285C181D-EA47-41B8-8162-B618915D814A}.Debug|Any CPU.Build.0 = Debug|Any CPU
		{285C181D-EA47-41B8-8162-B618915D814A}.Release|Any CPU.ActiveCfg = Release|Any CPU
		{285C181D-EA47-41B8-8162-B618915D814A}.Release|Any CPU.Build.0 = Release|Any CPU
	EndGlobalSection
	GlobalSection(SolutionProperties) = preSolution
		HideSolutionNode = FALSE
	EndGlobalSection
	GlobalSection(ExtensibilityGlobals) = postSolution
		SolutionGuid = {1D1827A1-9B79-4EC4-94C7-438C60687545}
	EndGlobalSection
EndGlobal
